
Microsoft Visual Studio Solution File, Format Version 12.00
# Visual Studio 15
VisualStudioVersion = 15.0.28307.106
MinimumVisualStudioVersion = 10.0.40219.1
Project("{FAE04EC0-301F-11D3-BF4B-00C04F79EFBC}") = "RadiusOfCircle", "RadiusOfCircle\RadiusOfCircle.csproj", "{078FC8EB-17D2-4304-AAEF-109A1E8BDD4D}"
EndProject
Global
	GlobalSection(SolutionConfigurationPlatforms) = preSolution
		Debug|Any CPU = Debug|Any CPU
		Release|Any CPU = Release|Any CPU
	EndGlobalSection
	GlobalSection(ProjectConfigurationPlatforms) = postSolution
		{078FC8EB-17D2-4304-AAEF-109A1E8BDD4D}.Debug|Any CPU.ActiveCfg = Debug|Any CPU
		{078FC8EB-17D2-4304-AAEF-109A1E8BDD4D}.Debug|Any CPU.Build.0 = Debug|Any CPU
		{078FC8EB-17D2-4304-AAEF-109A1E8BDD4D}.Release|Any CPU.ActiveCfg = Release|Any CPU
		{078FC8EB-17D2-4304-AAEF-109A1E8BDD4D}.Release|Any CPU.Build.0 = Release|Any CPU
	EndGlobalSection
	GlobalSection(SolutionProperties) = preSolution
		HideSolutionNode = FALSE
	EndGlobalSection
	GlobalSection(ExtensibilityGlobals) = postSolution
		SolutionGuid = {7EED77BB-AFA3-4D5D-84A2-4B3C61191E8F}
	EndGlobalSection
EndGlobal
