
Microsoft Visual Studio Solution File, Format Version 12.00
# Visual Studio 15
VisualStudioVersion = 15.0.28307.106
MinimumVisualStudioVersion = 10.0.40219.1
Project("{FAE04EC0-301F-11D3-BF4B-00C04F79EFBC}") = "PrimsAlg", "PrimsAlg\PrimsAlg.csproj", "{73D810E8-A6A5-446B-A398-AD2731B5E382}"
EndProject
Global
	GlobalSection(SolutionConfigurationPlatforms) = preSolution
		Debug|Any CPU = Debug|Any CPU
		Release|Any CPU = Release|Any CPU
	EndGlobalSection
	GlobalSection(ProjectConfigurationPlatforms) = postSolution
		{73D810E8-A6A5-446B-A398-AD2731B5E382}.Debug|Any CPU.ActiveCfg = Debug|Any CPU
		{73D810E8-A6A5-446B-A398-AD2731B5E382}.Debug|Any CPU.Build.0 = Debug|Any CPU
		{73D810E8-A6A5-446B-A398-AD2731B5E382}.Release|Any CPU.ActiveCfg = Release|Any CPU
		{73D810E8-A6A5-446B-A398-AD2731B5E382}.Release|Any CPU.Build.0 = Release|Any CPU
	EndGlobalSection
	GlobalSection(SolutionProperties) = preSolution
		HideSolutionNode = FALSE
	EndGlobalSection
	GlobalSection(ExtensibilityGlobals) = postSolution
		SolutionGuid = {F54AE5C5-E97A-4A14-AB1D-AE3647B88374}
	EndGlobalSection
EndGlobal
