
Microsoft Visual Studio Solution File, Format Version 12.00
# Visual Studio 15
VisualStudioVersion = 15.0.28307.106
MinimumVisualStudioVersion = 10.0.40219.1
Project("{FAE04EC0-301F-11D3-BF4B-00C04F79EFBC}") = "asiignment6", "asiignment6\asiignment6.csproj", "{748A4170-FC2A-4BEF-9B7A-C8181CF087EC}"
EndProject
Global
	GlobalSection(SolutionConfigurationPlatforms) = preSolution
		Debug|Any CPU = Debug|Any CPU
		Release|Any CPU = Release|Any CPU
	EndGlobalSection
	GlobalSection(ProjectConfigurationPlatforms) = postSolution
		{748A4170-FC2A-4BEF-9B7A-C8181CF087EC}.Debug|Any CPU.ActiveCfg = Debug|Any CPU
		{748A4170-FC2A-4BEF-9B7A-C8181CF087EC}.Debug|Any CPU.Build.0 = Debug|Any CPU
		{748A4170-FC2A-4BEF-9B7A-C8181CF087EC}.Release|Any CPU.ActiveCfg = Release|Any CPU
		{748A4170-FC2A-4BEF-9B7A-C8181CF087EC}.Release|Any CPU.Build.0 = Release|Any CPU
	EndGlobalSection
	GlobalSection(SolutionProperties) = preSolution
		HideSolutionNode = FALSE
	EndGlobalSection
	GlobalSection(ExtensibilityGlobals) = postSolution
		SolutionGuid = {D30D6A30-CE7A-4530-B97F-7DCA830D4C43}
	EndGlobalSection
EndGlobal
