
Microsoft Visual Studio Solution File, Format Version 12.00
# Visual Studio 15
VisualStudioVersion = 15.0.28307.106
MinimumVisualStudioVersion = 10.0.40219.1
Project("{FAE04EC0-301F-11D3-BF4B-00C04F79EFBC}") = "inheritance1", "inheritance1\inheritance1.csproj", "{8B962F52-CBA6-40EF-97D9-BCD7191E5850}"
EndProject
Global
	GlobalSection(SolutionConfigurationPlatforms) = preSolution
		Debug|Any CPU = Debug|Any CPU
		Release|Any CPU = Release|Any CPU
	EndGlobalSection
	GlobalSection(ProjectConfigurationPlatforms) = postSolution
		{8B962F52-CBA6-40EF-97D9-BCD7191E5850}.Debug|Any CPU.ActiveCfg = Debug|Any CPU
		{8B962F52-CBA6-40EF-97D9-BCD7191E5850}.Debug|Any CPU.Build.0 = Debug|Any CPU
		{8B962F52-CBA6-40EF-97D9-BCD7191E5850}.Release|Any CPU.ActiveCfg = Release|Any CPU
		{8B962F52-CBA6-40EF-97D9-BCD7191E5850}.Release|Any CPU.Build.0 = Release|Any CPU
	EndGlobalSection
	GlobalSection(SolutionProperties) = preSolution
		HideSolutionNode = FALSE
	EndGlobalSection
	GlobalSection(ExtensibilityGlobals) = postSolution
		SolutionGuid = {21380F2D-9883-44B1-9732-505D53DFD6A8}
	EndGlobalSection
EndGlobal
