
Microsoft Visual Studio Solution File, Format Version 12.00
# Visual Studio 15
VisualStudioVersion = 15.0.28307.106
MinimumVisualStudioVersion = 10.0.40219.1
Project("{FAE04EC0-301F-11D3-BF4B-00C04F79EFBC}") = "Future_value", "Future_value\Future_value.csproj", "{027ABF06-5AB5-47E4-804D-B95D11944B3C}"
EndProject
Global
	GlobalSection(SolutionConfigurationPlatforms) = preSolution
		Debug|Any CPU = Debug|Any CPU
		Release|Any CPU = Release|Any CPU
	EndGlobalSection
	GlobalSection(ProjectConfigurationPlatforms) = postSolution
		{027ABF06-5AB5-47E4-804D-B95D11944B3C}.Debug|Any CPU.ActiveCfg = Debug|Any CPU
		{027ABF06-5AB5-47E4-804D-B95D11944B3C}.Debug|Any CPU.Build.0 = Debug|Any CPU
		{027ABF06-5AB5-47E4-804D-B95D11944B3C}.Release|Any CPU.ActiveCfg = Release|Any CPU
		{027ABF06-5AB5-47E4-804D-B95D11944B3C}.Release|Any CPU.Build.0 = Release|Any CPU
	EndGlobalSection
	GlobalSection(SolutionProperties) = preSolution
		HideSolutionNode = FALSE
	EndGlobalSection
	GlobalSection(ExtensibilityGlobals) = postSolution
		SolutionGuid = {33AD6962-FB29-424C-91C5-D11246040848}
	EndGlobalSection
EndGlobal
