
Microsoft Visual Studio Solution File, Format Version 12.00
# Visual Studio 15
VisualStudioVersion = 15.0.28307.106
MinimumVisualStudioVersion = 10.0.40219.1
Project("{FAE04EC0-301F-11D3-BF4B-00C04F79EFBC}") = "genericexcecise", "genericexcecise\genericexcecise.csproj", "{73B35904-F092-4AB7-AA18-A60B9428E059}"
EndProject
Global
	GlobalSection(SolutionConfigurationPlatforms) = preSolution
		Debug|Any CPU = Debug|Any CPU
		Release|Any CPU = Release|Any CPU
	EndGlobalSection
	GlobalSection(ProjectConfigurationPlatforms) = postSolution
		{73B35904-F092-4AB7-AA18-A60B9428E059}.Debug|Any CPU.ActiveCfg = Debug|Any CPU
		{73B35904-F092-4AB7-AA18-A60B9428E059}.Debug|Any CPU.Build.0 = Debug|Any CPU
		{73B35904-F092-4AB7-AA18-A60B9428E059}.Release|Any CPU.ActiveCfg = Release|Any CPU
		{73B35904-F092-4AB7-AA18-A60B9428E059}.Release|Any CPU.Build.0 = Release|Any CPU
	EndGlobalSection
	GlobalSection(SolutionProperties) = preSolution
		HideSolutionNode = FALSE
	EndGlobalSection
	GlobalSection(ExtensibilityGlobals) = postSolution
		SolutionGuid = {A5F6C74C-6588-4319-82C4-EEE4BD58D64A}
	EndGlobalSection
EndGlobal
