
Microsoft Visual Studio Solution File, Format Version 12.00
# Visual Studio 15
VisualStudioVersion = 15.0.28307.106
MinimumVisualStudioVersion = 10.0.40219.1
Project("{FAE04EC0-301F-11D3-BF4B-00C04F79EFBC}") = "tuplewithmethods", "tuplewithmethods\tuplewithmethods.csproj", "{B1E406F9-5F1D-42BC-BC47-F973497E897C}"
EndProject
Global
	GlobalSection(SolutionConfigurationPlatforms) = preSolution
		Debug|Any CPU = Debug|Any CPU
		Release|Any CPU = Release|Any CPU
	EndGlobalSection
	GlobalSection(ProjectConfigurationPlatforms) = postSolution
		{B1E406F9-5F1D-42BC-BC47-F973497E897C}.Debug|Any CPU.ActiveCfg = Debug|Any CPU
		{B1E406F9-5F1D-42BC-BC47-F973497E897C}.Debug|Any CPU.Build.0 = Debug|Any CPU
		{B1E406F9-5F1D-42BC-BC47-F973497E897C}.Release|Any CPU.ActiveCfg = Release|Any CPU
		{B1E406F9-5F1D-42BC-BC47-F973497E897C}.Release|Any CPU.Build.0 = Release|Any CPU
	EndGlobalSection
	GlobalSection(SolutionProperties) = preSolution
		HideSolutionNode = FALSE
	EndGlobalSection
	GlobalSection(ExtensibilityGlobals) = postSolution
		SolutionGuid = {ED73B370-31EC-4E69-8055-4D36B79A617C}
	EndGlobalSection
EndGlobal
