
Microsoft Visual Studio Solution File, Format Version 12.00
# Visual Studio 15
VisualStudioVersion = 15.0.28307.106
MinimumVisualStudioVersion = 10.0.40219.1
Project("{FAE04EC0-301F-11D3-BF4B-00C04F79EFBC}") = "genericsortedlist", "genericsortedlist\genericsortedlist.csproj", "{5A75513E-9207-402F-8CDE-C10399E94E2B}"
EndProject
Global
	GlobalSection(SolutionConfigurationPlatforms) = preSolution
		Debug|Any CPU = Debug|Any CPU
		Release|Any CPU = Release|Any CPU
	EndGlobalSection
	GlobalSection(ProjectConfigurationPlatforms) = postSolution
		{5A75513E-9207-402F-8CDE-C10399E94E2B}.Debug|Any CPU.ActiveCfg = Debug|Any CPU
		{5A75513E-9207-402F-8CDE-C10399E94E2B}.Debug|Any CPU.Build.0 = Debug|Any CPU
		{5A75513E-9207-402F-8CDE-C10399E94E2B}.Release|Any CPU.ActiveCfg = Release|Any CPU
		{5A75513E-9207-402F-8CDE-C10399E94E2B}.Release|Any CPU.Build.0 = Release|Any CPU
	EndGlobalSection
	GlobalSection(SolutionProperties) = preSolution
		HideSolutionNode = FALSE
	EndGlobalSection
	GlobalSection(ExtensibilityGlobals) = postSolution
		SolutionGuid = {5584B138-61A2-4FC7-A8A6-1C82A16D71FD}
	EndGlobalSection
EndGlobal
